# This file is generated by running "yarn install" inside your project.
# Manual changes might be lost - proceed with caution!

__metadata:
  version: 6
  cacheKey: 8

"Codecademy-Learn-Typescript-Projects@workspace:.":
  version: 0.0.0-use.local
  resolution: "Codecademy-Learn-Typescript-Projects@workspace:."
  dependencies:
    typescript: ^4.9.3
  languageName: unknown
  linkType: soft

"typescript@npm:^4.9.3":
  version: 4.9.3
  resolution: "typescript@npm:4.9.3"
  bin:
    tsc: bin/tsc
    tsserver: bin/tsserver
  checksum: 17b8f816050b412403e38d48eef0e893deb6be522d6dc7caf105e54a72e34daf6835c447735fd2b28b66784e72bfbf87f627abb4818a8e43d1fa8106396128dc
  languageName: node
  linkType: hard

"typescript@patch:typescript@^4.9.3#~builtin<compat/typescript>":
  version: 4.9.3
  resolution: "typescript@patch:typescript@npm%3A4.9.3#~builtin<compat/typescript>::version=4.9.3&hash=701156"
  bin:
    tsc: bin/tsc
    tsserver: bin/tsserver
  checksum: ef65c22622d864497d0a0c5db693523329b3284c15fe632e93ad9aa059e8dc38ef3bd767d6f26b1e5ecf9446f49bd0f6c4e5714a2eeaf352805dc002479843d1
  languageName: node
  linkType: hard
